# This file is generated by running "yarn install" inside your project.
# Manual changes might be lost - proceed with caution!

__metadata:
  version: 8
  cacheKey: 10c0

"gluestack-ui-starter-kits-main@workspace:.":
  version: 0.0.0-use.local
  resolution: "gluestack-ui-starter-kits-main@workspace:."
  languageName: unknown
  linkType: soft
